{
  "name": "angular6-example",
  "version": "0.0.0",
  "lockfileVersion": 1,
  "requires": true,
  "dependencies": {
    "@angular/animations": {
      "version": "6.0.2",
      "resolved": "https://registry.npmjs.org/@angular/animations/-/animations-6.0.2.tgz",
      "integrity": "sha512-QoNJ/L0Xgtrj1KBp8wvxhHwRt+sQ5tBihWm82UbNgN82ZNnfNzQoAqtahbZN5AY7XFmGbDX+lVt3TdO8omXhmg==",
      "requires": {
        "tslib": "1.9.1"
      }
    },
    "@angular/common": {
      "version": "6.0.2",
      "resolved": "https://registry.npmjs.org/@angular/common/-/common-6.0.2.tgz",
      "integrity": "sha512-Yc3NnLGs1ltnDhUCOoMCQMRSkJv/sCv+jKx3uSdrvd8Y55APl2boZhZUK4WphPfWIkpvC7odpiLXAmnVgP6vcw==",
      "requires": {
        "tslib": "1.9.1"
      }
    },
    "@angular/compiler": {
      "version": "6.0.2",
      "resolved": "https://registry.npmjs.org/@angular/compiler/-/compiler-6.0.2.tgz",
      "integrity": "sha512-uKuM7dcTWwcElklT4E/tckp5fnGNUq4wDna3gZWO6fvc7FQK0SUU4l+A6C1d5YdCRgAsv6gxIrk3MxbSF9UwEw==",
      "requires": {
        "tslib": "1.9.1"
      }
    },
    "@angular/core": {
      "version": "10.2.5",
      "resolved": "https://registry.npmjs.org/@angular/core/-/core-10.2.5.tgz",
      "integrity": "sha512-krhOKNTj5XE92Rk9ASX5KmgTF72j7qT2PLVxrGEVjuUKjBY2XaK3TV0Kotq9zI3qa9WgeCrP/Njn6jlKQCCAEQ==",
      "requires": {
        "tslib": "^2.0.0"
      },
      "dependencies": {
        "tslib": {
          "version": "2.6.2",
          "resolved": "https://registry.npmjs.org/tslib/-/tslib-2.6.2.tgz",
          "integrity": "sha512-AEYxH93jGFPn/a2iVAwW87VuUIkR1FVUKB77NwMF7nBTDkDrrT/Hpt/IrCJ0QXhW27jTBDcf5ZY7w6RiqTMw2Q=="
        }
      }
    },
    "@angular/forms": {
      "version": "6.0.2",
      "resolved": "https://registry.npmjs.org/@angular/forms/-/forms-6.0.2.tgz",
      "integrity": "sha512-Oc234cLjTj1tx2gF/nS/TIC3Auc+LCyC8H6GYqTxXQUyZQeGHqUptvDQz3KwM9Num3EKFUr9J2yzGPnz6lZVmQ==",
      "requires": {
        "tslib": "1.9.1"
      }
    },
    "@angular/http": {
      "version": "6.0.2",
      "resolved": "https://registry.npmjs.org/@angular/http/-/http-6.0.2.tgz",
      "integrity": "sha512-BONrdNMKOaQdXiWnrCAaUiP1akf/nuUG6xm/PJe684SrgcqWHN4JJuwgMhGRGIZZCIKEWcIEaZSp+DbWqnj1kg==",
      "requires": {
        "tslib": "1.9.1"
      }
    },
    "@angular/platform-browser": {
      "version": "6.0.2",
      "resolved": "https://registry.npmjs.org/@angular/platform-browser/-/platform-browser-6.0.2.tgz",
      "integrity": "sha512-iMBHckhknJ8Wfw9ZVloiw0WPZDtzQFLE2e7D42of7SgXuHloStXUchb0qLr6ZTZwTY0oBPSvDKgJJVmEjZUZvw==",
      "requires": {
        "tslib": "1.9.1"
      }
    },
    "@angular/platform-browser-dynamic": {
      "version": "6.0.2",
      "resolved": "https://registry.npmjs.org/@angular/platform-browser-dynamic/-/platform-browser-dynamic-6.0.2.tgz",
      "integrity": "sha512-g1EC0wIWd4OhcEvUnisTfp3y0eMAXgXbACdtgsrozG//xzyqiRFUnBTYTAP4ecninCEltyZYK7EBGfzp8KwQjw==",
      "requires": {
        "tslib": "1.9.1"
      }
    },
    "@angular/router": {
      "version": "6.0.2",
      "resolved": "https://registry.npmjs.org/@angular/router/-/router-6.0.2.tgz",
      "integrity": "sha512-XqTtfs/UzT2k2MeVQG1pOP+wR1zcH8V71S6kmWIwFcfyKUgZfIm45sNsZyBZPwY2RUqwCeZYQFjPlVW8wD1PBw==",
      "requires": {
        "tslib": "1.9.1"
      }
    },
    "core-js": {
      "version": "2.5.6",
      "resolved": "https://registry.npmjs.org/core-js/-/core-js-2.5.6.tgz",
      "integrity": "sha512-lQUVfQi0aLix2xpyjrrJEvfuYCqPc/HwmTKsC/VNf8q0zsjX7SQZtp4+oRONN5Tsur9GDETPjj+Ub2iDiGZfSQ=="
    },
    "rxjs": {
      "version": "6.1.0",
      "resolved": "https://registry.npmjs.org/rxjs/-/rxjs-6.1.0.tgz",
      "integrity": "sha512-lMZdl6xbHJCSb5lmnb6nOhsoBVCyoDC5LDJQK9WWyq+tsI7KnlDIZ0r0AZAlBpRPLbwQA9kzSBAZwNIZEZ+hcw==",
      "requires": {
        "tslib": "1.9.1"
      }
    },
    "tslib": {
      "version": "1.9.1",
      "resolved": "https://registry.npmjs.org/tslib/-/tslib-1.9.1.tgz",
      "integrity": "sha512-avfPS28HmGLLc2o4elcc2EIq2FcH++Yo5YxpBZi9Yw93BCTGFthI4HPE4Rpep6vSYQaK8e69PelM44tPj+RaQg=="
    },
    "zone.js": {
      "version": "0.8.26",
      "resolved": "https://registry.npmjs.org/zone.js/-/zone.js-0.8.26.tgz",
      "integrity": "sha512-W9Nj+UmBJG251wkCacIkETgra4QgBo/vgoEkb4a2uoLzpQG7qF9nzwoLXWU5xj3Fg2mxGvEDh47mg24vXccYjA=="
    }
  }
}
